
Microsoft Visual Studio Solution File, Format Version 11.00
# Visual Studio 2010
Project("{FAE04EC0-301F-11D3-BF4B-00C04F79EFBC}") = "RestHelpers", "RestHelpers\RestHelpers.csproj", "{B801F010-8993-4BE7-82BC-8467B1BF05DD}"
EndProject
Global
	GlobalSection(SolutionConfigurationPlatforms) = preSolution
		Debug|Any CPU = Debug|Any CPU
		Release|Any CPU = Release|Any CPU
	EndGlobalSection
	GlobalSection(ProjectConfigurationPlatforms) = postSolution
		{B801F010-8993-4BE7-82BC-8467B1BF05DD}.Debug|Any CPU.ActiveCfg = Debug|Any CPU
		{B801F010-8993-4BE7-82BC-8467B1BF05DD}.Debug|Any CPU.Build.0 = Debug|Any CPU
		{B801F010-8993-4BE7-82BC-8467B1BF05DD}.Release|Any CPU.ActiveCfg = Release|Any CPU
		{B801F010-8993-4BE7-82BC-8467B1BF05DD}.Release|Any CPU.Build.0 = Release|Any CPU
	EndGlobalSection
	GlobalSection(SolutionProperties) = preSolution
		HideSolutionNode = FALSE
	EndGlobalSection
EndGlobal
